{
    "version": 3,
    "terraform_version": "0.11.6",
    "serial": 10,
    "lineage": "d45061a1-ce63-a2ba-fd48-5465957be10d",
    "modules": [
        {
            "path": [
                "root"
            ],
            "outputs": {},
            "resources": {
                "ibm_compute_ssh_key.ssh_key_openshift": {
                    "type": "ibm_compute_ssh_key",
                    "depends_on": [],
                    "primary": {
                        "id": "1127439",
                        "attributes": {
                            "fingerprint": "cc:86:06:e7:15:2c:54:61:8e:b0:15:91:62:be:af:eb",
                            "id": "1127439",
                            "label": "ssh_key_openshift",
                            "notes": "for openshift",
                            "public_key": "ssh-rsa AAAAB3NzaC1yc2EAAAADAQABAAACAQCyUwkRCP2wILFMU+z3ZMk2ZotKVZruGeeg+nNaqDuKzoRpjhPX/V9HcPNlGi+vBD2ojSqPx7+UdbZGmn95kAldXbIxQ7SBrDlztcEMsnJb4H8VKL0NzYNOYlY4zQO1ioDriaJdm89TjEIooNHM+BGuoyxxbwHhsJrOFkdY4aezbO9XdhaM1OKYgjx8ezRZYiFL2DrZ1gvI4oKbAEAbUg+idcLuEjYRekHVj5hmw+4WX1FIOc/LYxEirhNWnXXKjsizZNq8x/CA9G9MLPEmEnadeL78OTEfxCuPs2ByNLuOHjN/Rx9QEkzpxzAnlSiQpR6ErtamVuCci9Eukz8iO+PbAd2EyNB1cDTN91bph/05aikFH7W/nbHZvFG3vvKOT+uJIN0oWkip/BYLRPw6IFDnvNQj3Xjmv3BYjOTVrzqmlv2WI/BOYRx2guYKvslc0Sq+5QRJTmxPF00+VqFELTEShATALwD6OX2enuz1WtPxvhbZhr1gMadKxZ4gf824dPzc5swzxKzOVGGzBUH0AWeXxu4Zv3KG/5NTlt7yey7obf956dfFNLqM5I/pd2+/RIitPQSKQ1ebkEDlm9zDaBk0zYnQITfFSqe7+bypq4nXdQ2DD3qPpQ+Wd0zj+y6rWEip6R2YSM4Vwsck5Y0OoOfzJCU9Pj6DVN+ghzZu/rsn0w=="
                        },
                        "meta": {},
                        "tainted": false
                    },
                    "deposed": [],
                    "provider": "provider.ibm"
                }
            },
            "depends_on": []
        },
        {
            "path": [
                "root",
                "appnode"
            ],
            "outputs": {},
            "resources": {
                "ibm_compute_vm_instance.appnode.0": {
                    "type": "ibm_compute_vm_instance",
                    "depends_on": [
                        "module.storage_appnode"
                    ],
                    "primary": {
                        "id": "53380475",
                        "attributes": {
                            "block_storage_ids.#": "1",
                            "block_storage_ids.41821729": "41821729",
                            "cores": "1",
                            "datacenter": "dal05",
                            "dedicated_acct_host_only": "false",
                            "disks.#": "1",
                            "disks.0": "25",
                            "domain": "ibm.com",
                            "file_storage_ids.#": "0",
                            "hostname": "appnode-openshift",
                            "hourly_billing": "true",
                            "id": "53380475",
                            "ip_address_id_private": "111423583",
                            "ipv4_address": "",
                            "ipv4_address_private": "10.41.44.94",
                            "ipv6_enabled": "false",
                            "ipv6_static_enabled": "false",
                            "local_disk": "false",
                            "memory": "1024",
                            "network_speed": "10",
                            "notes": "",
                            "os_reference_code": "REDHAT_7_64",
                            "post_install_script_uri": "https://raw.github.ibm.com/sakshiag/iaas_ref_architectures/openshift-sakshi/terraform/openshift/ClassicSoftlayer-openshift/modules/autoscale_appnode/nginx.sh",
                            "private_interface_id": "30476011",
                            "private_network_only": "true",
                            "private_security_group_ids.#": "0",
                            "private_subnet": "10.41.44.88/29",
                            "private_subnet_id": "257182",
                            "private_vlan_id": "2302963",
                            "public_bandwidth_unlimited": "false",
                            "public_interface_id": "30476013",
                            "public_security_group_ids.#": "2",
                            "public_security_group_ids.552429": "552429",
                            "public_security_group_ids.552515": "552515",
                            "secondary_ip_addresses.#": "0",
                            "ssh_key_ids.#": "1",
                            "ssh_key_ids.1127439": "1127439",
                            "wait_time_minutes": "90"
                        },
                        "meta": {},
                        "tainted": false
                    },
                    "deposed": [],
                    "provider": "module.appnode.provider.ibm"
                },
                "ibm_compute_vm_instance.appnode.1": {
                    "type": "ibm_compute_vm_instance",
                    "depends_on": [
                        "module.storage_appnode"
                    ],
                    "primary": {
                        "id": "53380477",
                        "attributes": {
                            "block_storage_ids.#": "1",
                            "block_storage_ids.41821729": "41821729",
                            "cores": "1",
                            "datacenter": "dal05",
                            "dedicated_acct_host_only": "false",
                            "disks.#": "1",
                            "disks.0": "25",
                            "domain": "ibm.com",
                            "file_storage_ids.#": "0",
                            "hostname": "appnode-openshift",
                            "hourly_billing": "true",
                            "id": "53380477",
                            "ip_address_id_private": "111423579",
                            "ipv4_address": "",
                            "ipv4_address_private": "10.41.44.92",
                            "ipv6_enabled": "false",
                            "ipv6_static_enabled": "false",
                            "local_disk": "false",
                            "memory": "1024",
                            "network_speed": "10",
                            "notes": "",
                            "os_reference_code": "REDHAT_7_64",
                            "post_install_script_uri": "https://raw.github.ibm.com/sakshiag/iaas_ref_architectures/openshift-sakshi/terraform/openshift/ClassicSoftlayer-openshift/modules/autoscale_appnode/nginx.sh",
                            "private_interface_id": "30476007",
                            "private_network_only": "true",
                            "private_security_group_ids.#": "0",
                            "private_subnet": "10.41.44.88/29",
                            "private_subnet_id": "257182",
                            "private_vlan_id": "2302963",
                            "public_bandwidth_unlimited": "false",
                            "public_interface_id": "30476009",
                            "public_security_group_ids.#": "2",
                            "public_security_group_ids.552429": "552429",
                            "public_security_group_ids.552515": "552515",
                            "secondary_ip_addresses.#": "0",
                            "ssh_key_ids.#": "1",
                            "ssh_key_ids.1127439": "1127439",
                            "wait_time_minutes": "90"
                        },
                        "meta": {},
                        "tainted": false
                    },
                    "deposed": [],
                    "provider": "module.appnode.provider.ibm"
                }
            },
            "depends_on": []
        },
        {
            "path": [
                "root",
                "bastion"
            ],
            "outputs": {},
            "resources": {
                "ibm_compute_vm_instance.bastion": {
                    "type": "ibm_compute_vm_instance",
                    "depends_on": [],
                    "primary": {
                        "id": "53380413",
                        "attributes": {
                            "block_storage_ids.#": "0",
                            "cores": "1",
                            "datacenter": "dal05",
                            "dedicated_acct_host_only": "false",
                            "disks.#": "1",
                            "disks.0": "25",
                            "domain": "ibm.com",
                            "file_storage_ids.#": "0",
                            "hostname": "bastion-openshift",
                            "hourly_billing": "true",
                            "id": "53380413",
                            "ip_address_id": "111423595",
                            "ip_address_id_private": "111423577",
                            "ipv4_address": "50.23.246.84",
                            "ipv4_address_private": "10.41.44.91",
                            "ipv6_enabled": "false",
                            "ipv6_static_enabled": "false",
                            "local_disk": "false",
                            "memory": "1024",
                            "network_speed": "10",
                            "notes": "",
                            "os_reference_code": "REDHAT_7_64",
                            "private_interface_id": "30475959",
                            "private_network_only": "false",
                            "private_security_group_ids.#": "0",
                            "private_subnet": "10.41.44.88/29",
                            "private_subnet_id": "257182",
                            "private_vlan_id": "2302963",
                            "public_bandwidth_unlimited": "false",
                            "public_interface_id": "30475961",
                            "public_security_group_ids.#": "1",
                            "public_security_group_ids.552707": "552707",
                            "public_subnet": "50.23.246.80/29",
                            "public_subnet_id": "233804",
                            "public_vlan_id": "2302965",
                            "secondary_ip_addresses.#": "0",
                            "ssh_key_ids.#": "1",
                            "ssh_key_ids.1127439": "1127439",
                            "wait_time_minutes": "90"
                        },
                        "meta": {},
                        "tainted": false
                    },
                    "deposed": [],
                    "provider": "module.bastion.provider.ibm"
                }
            },
            "depends_on": []
        },
        {
            "path": [
                "root",
                "infranode"
            ],
            "outputs": {
                "infra_ip_address_id": {
                    "sensitive": false,
                    "type": "list",
                    "value": [
                        "111424473",
                        "111424477",
                        "111423575"
                    ]
                }
            },
            "resources": {
                "ibm_compute_vm_instance.infranode.0": {
                    "type": "ibm_compute_vm_instance",
                    "depends_on": [
                        "module.storage_infranode"
                    ],
                    "primary": {
                        "id": "53382327",
                        "attributes": {
                            "block_storage_ids.#": "0",
                            "cores": "1",
                            "datacenter": "dal05",
                            "dedicated_acct_host_only": "false",
                            "disks.#": "1",
                            "disks.0": "25",
                            "domain": "ibm.com",
                            "file_storage_ids.#": "1",
                            "file_storage_ids.41823425": "41823425",
                            "hostname": "infranode-3tier",
                            "hourly_billing": "true",
                            "id": "53382327",
                            "ip_address_id_private": "111424473",
                            "ipv4_address": "",
                            "ipv4_address_private": "10.43.203.7",
                            "ipv6_enabled": "false",
                            "ipv6_static_enabled": "false",
                            "local_disk": "false",
                            "memory": "1024",
                            "network_speed": "10",
                            "notes": "",
                            "os_reference_code": "REDHAT_7_64",
                            "private_interface_id": "30477279",
                            "private_network_only": "true",
                            "private_security_group_ids.#": "0",
                            "private_subnet": "10.43.203.0/26",
                            "private_subnet_id": "620188",
                            "private_vlan_id": "2302963",
                            "public_bandwidth_unlimited": "false",
                            "public_interface_id": "30477281",
                            "public_security_group_ids.#": "2",
                            "public_security_group_ids.552429": "552429",
                            "public_security_group_ids.552515": "552515",
                            "secondary_ip_addresses.#": "0",
                            "ssh_key_ids.#": "1",
                            "ssh_key_ids.1127439": "1127439",
                            "wait_time_minutes": "90"
                        },
                        "meta": {},
                        "tainted": false
                    },
                    "deposed": [],
                    "provider": "module.infranode.provider.ibm"
                },
                "ibm_compute_vm_instance.infranode.1": {
                    "type": "ibm_compute_vm_instance",
                    "depends_on": [
                        "module.storage_infranode"
                    ],
                    "primary": {
                        "id": "53382331",
                        "attributes": {
                            "block_storage_ids.#": "0",
                            "cores": "1",
                            "datacenter": "dal05",
                            "dedicated_acct_host_only": "false",
                            "disks.#": "1",
                            "disks.0": "25",
                            "domain": "ibm.com",
                            "file_storage_ids.#": "1",
                            "file_storage_ids.41823425": "41823425",
                            "hostname": "infranode-3tier",
                            "hourly_billing": "true",
                            "id": "53382331",
                            "ip_address_id_private": "111424477",
                            "ipv4_address": "",
                            "ipv4_address_private": "10.43.203.9",
                            "ipv6_enabled": "false",
                            "ipv6_static_enabled": "false",
                            "local_disk": "false",
                            "memory": "1024",
                            "network_speed": "10",
                            "notes": "",
                            "os_reference_code": "REDHAT_7_64",
                            "private_interface_id": "30477287",
                            "private_network_only": "true",
                            "private_security_group_ids.#": "0",
                            "private_subnet": "10.43.203.0/26",
                            "private_subnet_id": "620188",
                            "private_vlan_id": "2302963",
                            "public_bandwidth_unlimited": "false",
                            "public_interface_id": "30477289",
                            "public_security_group_ids.#": "2",
                            "public_security_group_ids.552429": "552429",
                            "public_security_group_ids.552515": "552515",
                            "secondary_ip_addresses.#": "0",
                            "ssh_key_ids.#": "1",
                            "ssh_key_ids.1127439": "1127439",
                            "wait_time_minutes": "90"
                        },
                        "meta": {},
                        "tainted": false
                    },
                    "deposed": [],
                    "provider": "module.infranode.provider.ibm"
                },
                "ibm_compute_vm_instance.infranode.2": {
                    "type": "ibm_compute_vm_instance",
                    "depends_on": [
                        "module.storage_infranode"
                    ],
                    "primary": {
                        "id": "53382323",
                        "attributes": {
                            "block_storage_ids.#": "0",
                            "cores": "1",
                            "datacenter": "dal05",
                            "dedicated_acct_host_only": "false",
                            "disks.#": "1",
                            "disks.0": "25",
                            "domain": "ibm.com",
                            "file_storage_ids.#": "1",
                            "file_storage_ids.41823425": "41823425",
                            "hostname": "infranode-3tier",
                            "hourly_billing": "true",
                            "id": "53382323",
                            "ip_address_id_private": "111423575",
                            "ipv4_address": "",
                            "ipv4_address_private": "10.41.44.90",
                            "ipv6_enabled": "false",
                            "ipv6_static_enabled": "false",
                            "local_disk": "false",
                            "memory": "1024",
                            "network_speed": "10",
                            "notes": "",
                            "os_reference_code": "REDHAT_7_64",
                            "private_interface_id": "30477271",
                            "private_network_only": "true",
                            "private_security_group_ids.#": "0",
                            "private_subnet": "10.41.44.88/29",
                            "private_subnet_id": "257182",
                            "private_vlan_id": "2302963",
                            "public_bandwidth_unlimited": "false",
                            "public_interface_id": "30477273",
                            "public_security_group_ids.#": "2",
                            "public_security_group_ids.552429": "552429",
                            "public_security_group_ids.552515": "552515",
                            "secondary_ip_addresses.#": "0",
                            "ssh_key_ids.#": "1",
                            "ssh_key_ids.1127439": "1127439",
                            "wait_time_minutes": "90"
                        },
                        "meta": {},
                        "tainted": false
                    },
                    "deposed": [],
                    "provider": "module.infranode.provider.ibm"
                }
            },
            "depends_on": []
        },
        {
            "path": [
                "root",
                "lbaas_infra"
            ],
            "outputs": {
                "cluster_address_infranode": {
                    "sensitive": false,
                    "type": "string",
                    "value": "http://108.168.157.76"
                },
                "lbass_id_infranode": {
                    "sensitive": false,
                    "type": "string",
                    "value": "406393"
                }
            },
            "resources": {
                "ibm_lb.local_lb_infranode": {
                    "type": "ibm_lb",
                    "depends_on": [],
                    "primary": {
                        "id": "244865",
                        "attributes": {
                            "connections": "250",
                            "datacenter": "dal05",
                            "dedicated": "false",
                            "ha_enabled": "false",
                            "id": "244865",
                            "ip_address": "108.168.157.76",
                            "security_certificate_id": "0",
                            "ssl_enabled": "false",
                            "subnet_id": "406030"
                        },
                        "meta": {},
                        "tainted": false
                    },
                    "deposed": [],
                    "provider": "module.lbaas_infra.provider.ibm"
                },
                "ibm_lb_service.test_service.0": {
                    "type": "ibm_lb_service",
                    "depends_on": [
                        "ibm_lb_service_group.lb_service_group_infranode"
                    ],
                    "primary": {
                        "id": "855325",
                        "attributes": {
                            "enabled": "true",
                            "health_check_type": "DNS",
                            "id": "855325",
                            "ip_address_id": "111424473",
                            "port": "80",
                            "service_group_id": "395193",
                            "weight": "1"
                        },
                        "meta": {},
                        "tainted": false
                    },
                    "deposed": [],
                    "provider": "module.lbaas_infra.provider.ibm"
                },
                "ibm_lb_service.test_service.1": {
                    "type": "ibm_lb_service",
                    "depends_on": [
                        "ibm_lb_service_group.lb_service_group_infranode"
                    ],
                    "primary": {
                        "id": "855403",
                        "attributes": {
                            "enabled": "true",
                            "health_check_type": "DNS",
                            "id": "855403",
                            "ip_address_id": "111424477",
                            "port": "80",
                            "service_group_id": "395193",
                            "weight": "1"
                        },
                        "meta": {},
                        "tainted": false
                    },
                    "deposed": [],
                    "provider": "module.lbaas_infra.provider.ibm"
                },
                "ibm_lb_service.test_service.2": {
                    "type": "ibm_lb_service",
                    "depends_on": [
                        "ibm_lb_service_group.lb_service_group_infranode"
                    ],
                    "primary": {
                        "id": "855289",
                        "attributes": {
                            "enabled": "true",
                            "health_check_type": "DNS",
                            "id": "855289",
                            "ip_address_id": "111423575",
                            "port": "80",
                            "service_group_id": "395193",
                            "weight": "1"
                        },
                        "meta": {},
                        "tainted": false
                    },
                    "deposed": [],
                    "provider": "module.lbaas_infra.provider.ibm"
                },
                "ibm_lb_service_group.lb_service_group_infranode": {
                    "type": "ibm_lb_service_group",
                    "depends_on": [
                        "ibm_lb.local_lb_infranode"
                    ],
                    "primary": {
                        "id": "406393",
                        "attributes": {
                            "allocation": "100",
                            "id": "406393",
                            "load_balancer_id": "244865",
                            "port": "80",
                            "routing_method": "CONSISTENT_HASH_IP",
                            "routing_type": "HTTP",
                            "service_group_id": "395193"
                        },
                        "meta": {},
                        "tainted": false
                    },
                    "deposed": [],
                    "provider": "module.lbaas_infra.provider.ibm"
                }
            },
            "depends_on": []
        },
        {
            "path": [
                "root",
                "lbaas_master"
            ],
            "outputs": {
                "cluster_address_masternode": {
                    "sensitive": false,
                    "type": "string",
                    "value": "http://108.168.157.77"
                },
                "lbass_id_masternode": {
                    "sensitive": false,
                    "type": "string",
                    "value": "406433"
                }
            },
            "resources": {
                "ibm_lb.local_lb_masternode": {
                    "type": "ibm_lb",
                    "depends_on": [],
                    "primary": {
                        "id": "244867",
                        "attributes": {
                            "connections": "250",
                            "datacenter": "dal05",
                            "dedicated": "false",
                            "ha_enabled": "false",
                            "id": "244867",
                            "ip_address": "108.168.157.77",
                            "security_certificate_id": "0",
                            "ssl_enabled": "false",
                            "subnet_id": "406030"
                        },
                        "meta": {},
                        "tainted": false
                    },
                    "deposed": [],
                    "provider": "module.lbaas_master.provider.ibm"
                },
                "ibm_lb_service.test_service": {
                    "type": "ibm_lb_service",
                    "depends_on": [
                        "ibm_lb_service_group.lb_service_group_masternode"
                    ],
                    "primary": {
                        "id": "855323",
                        "attributes": {
                            "enabled": "true",
                            "health_check_type": "DNS",
                            "id": "855323",
                            "ip_address_id": "111423581",
                            "port": "80",
                            "service_group_id": "395155",
                            "weight": "1"
                        },
                        "meta": {},
                        "tainted": false
                    },
                    "deposed": [],
                    "provider": "module.lbaas_master.provider.ibm"
                },
                "ibm_lb_service_group.lb_service_group_masternode": {
                    "type": "ibm_lb_service_group",
                    "depends_on": [
                        "ibm_lb.local_lb_masternode"
                    ],
                    "primary": {
                        "id": "406433",
                        "attributes": {
                            "allocation": "100",
                            "id": "406433",
                            "load_balancer_id": "244867",
                            "port": "80",
                            "routing_method": "CONSISTENT_HASH_IP",
                            "routing_type": "HTTP",
                            "service_group_id": "395155"
                        },
                        "meta": {},
                        "tainted": false
                    },
                    "deposed": [],
                    "provider": "module.lbaas_master.provider.ibm"
                }
            },
            "depends_on": []
        },
        {
            "path": [
                "root",
                "masternode"
            ],
            "outputs": {
                "master_ip_address_id": {
                    "sensitive": false,
                    "type": "string",
                    "value": "111423581"
                }
            },
            "resources": {
                "ibm_compute_vm_instance.masternode": {
                    "type": "ibm_compute_vm_instance",
                    "depends_on": [
                        "module.storage_masternode"
                    ],
                    "primary": {
                        "id": "53380449",
                        "attributes": {
                            "block_storage_ids.#": "1",
                            "block_storage_ids.41821725": "41821725",
                            "cores": "1",
                            "datacenter": "dal05",
                            "dedicated_acct_host_only": "false",
                            "disks.#": "1",
                            "disks.0": "25",
                            "domain": "ibm.com",
                            "file_storage_ids.#": "0",
                            "hostname": "masternode-openshift",
                            "hourly_billing": "true",
                            "id": "53380449",
                            "ip_address_id_private": "111423581",
                            "ipv4_address": "",
                            "ipv4_address_private": "10.41.44.93",
                            "ipv6_enabled": "false",
                            "ipv6_static_enabled": "false",
                            "local_disk": "false",
                            "memory": "1024",
                            "network_speed": "10",
                            "notes": "",
                            "os_reference_code": "REDHAT_7_64",
                            "post_install_script_uri": "https://raw.github.ibm.com/sakshiag/iaas_ref_architectures/openshift-sakshi/terraform/openshift/ClassicSoftlayer-openshift/modules/autoscale_masternode/nginx.sh",
                            "private_interface_id": "30475999",
                            "private_network_only": "true",
                            "private_security_group_ids.#": "0",
                            "private_subnet": "10.41.44.88/29",
                            "private_subnet_id": "257182",
                            "private_vlan_id": "2302963",
                            "public_bandwidth_unlimited": "false",
                            "public_interface_id": "30476001",
                            "public_security_group_ids.#": "2",
                            "public_security_group_ids.552429": "552429",
                            "public_security_group_ids.552515": "552515",
                            "secondary_ip_addresses.#": "0",
                            "ssh_key_ids.#": "1",
                            "ssh_key_ids.1127439": "1127439",
                            "wait_time_minutes": "90"
                        },
                        "meta": {},
                        "tainted": false
                    },
                    "deposed": [],
                    "provider": "module.masternode.provider.ibm"
                }
            },
            "depends_on": []
        },
        {
            "path": [
                "root",
                "network"
            ],
            "outputs": {
                "openshift_private_vlan_id": {
                    "sensitive": false,
                    "type": "string",
                    "value": "2302963"
                },
                "openshift_public_vlan_id": {
                    "sensitive": false,
                    "type": "string",
                    "value": "2302965"
                }
            },
            "resources": {
                "ibm_network_vlan.openshift_vlan_private": {
                    "type": "ibm_network_vlan",
                    "depends_on": [],
                    "primary": {
                        "id": "2302963",
                        "attributes": {
                            "child_resource_count": "4",
                            "datacenter": "dal05",
                            "id": "2302963",
                            "name": "openshift-prv-vlan",
                            "router_hostname": "bcr01a.dal05",
                            "softlayer_managed": "false",
                            "subnet_size": "8",
                            "subnets.#": "1",
                            "subnets.0.cidr": "29",
                            "subnets.0.gateway": "",
                            "subnets.0.subnet": "10.41.44.88/29",
                            "subnets.0.subnet_size": "8",
                            "subnets.0.subnet_type": "PRIMARY",
                            "type": "PRIVATE",
                            "vlan_number": "875"
                        },
                        "meta": {
                            "e2bfb730-ecaa-11e6-8f88-34363bc7c4c0": {
                                "delete": 600000000000
                            }
                        },
                        "tainted": false
                    },
                    "deposed": [],
                    "provider": "module.network.provider.ibm"
                },
                "ibm_network_vlan.openshift_vlan_public": {
                    "type": "ibm_network_vlan",
                    "depends_on": [],
                    "primary": {
                        "id": "2302965",
                        "attributes": {
                            "child_resource_count": "1",
                            "datacenter": "dal05",
                            "id": "2302965",
                            "name": "openshit-pub-vlan",
                            "router_hostname": "fcr01a.dal05",
                            "softlayer_managed": "false",
                            "subnet_size": "8",
                            "subnets.#": "1",
                            "subnets.0.cidr": "29",
                            "subnets.0.gateway": "",
                            "subnets.0.subnet": "50.23.246.80/29",
                            "subnets.0.subnet_size": "8",
                            "subnets.0.subnet_type": "PRIMARY",
                            "type": "PUBLIC",
                            "vlan_number": "879"
                        },
                        "meta": {
                            "e2bfb730-ecaa-11e6-8f88-34363bc7c4c0": {
                                "delete": 600000000000
                            }
                        },
                        "tainted": false
                    },
                    "deposed": [],
                    "provider": "module.network.provider.ibm"
                }
            },
            "depends_on": []
        },
        {
            "path": [
                "root",
                "sg"
            ],
            "outputs": {
                "openshift_public_egress_id": {
                    "sensitive": false,
                    "type": "string",
                    "value": "552429"
                },
                "openshift_public_ingress_id": {
                    "sensitive": false,
                    "type": "string",
                    "value": "552515"
                },
                "openshift_ssh_id": {
                    "sensitive": false,
                    "type": "string",
                    "value": "552707"
                }
            },
            "resources": {
                "ibm_security_group.openshift-public-egress": {
                    "type": "ibm_security_group",
                    "depends_on": [],
                    "primary": {
                        "id": "552429",
                        "attributes": {
                            "description": "security grp for vms",
                            "id": "552429",
                            "name": "security_grp"
                        },
                        "meta": {},
                        "tainted": false
                    },
                    "deposed": [],
                    "provider": "module.sg.provider.ibm"
                },
                "ibm_security_group.openshift-public-ingress": {
                    "type": "ibm_security_group",
                    "depends_on": [],
                    "primary": {
                        "id": "552515",
                        "attributes": {
                            "description": "security grp for vms",
                            "id": "552515",
                            "name": "security_grp"
                        },
                        "meta": {},
                        "tainted": false
                    },
                    "deposed": [],
                    "provider": "module.sg.provider.ibm"
                },
                "ibm_security_group.openshift-ssh": {
                    "type": "ibm_security_group",
                    "depends_on": [],
                    "primary": {
                        "id": "552707",
                        "attributes": {
                            "description": "security grp for vms",
                            "id": "552707",
                            "name": "security_grp"
                        },
                        "meta": {},
                        "tainted": false
                    },
                    "deposed": [],
                    "provider": "module.sg.provider.ibm"
                },
                "ibm_security_group_rule.openshift-public-egress_rule1": {
                    "type": "ibm_security_group_rule",
                    "depends_on": [
                        "ibm_security_group.openshift-public-egress"
                    ],
                    "primary": {
                        "id": "894515",
                        "attributes": {
                            "direction": "egress",
                            "ether_type": "IPv4",
                            "id": "894515",
                            "port_range_max": "80",
                            "port_range_min": "80",
                            "protocol": "tcp",
                            "security_group_id": "552429"
                        },
                        "meta": {},
                        "tainted": false
                    },
                    "deposed": [],
                    "provider": "module.sg.provider.ibm"
                },
                "ibm_security_group_rule.openshift-public-egress_rule2": {
                    "type": "ibm_security_group_rule",
                    "depends_on": [
                        "ibm_security_group.openshift-public-egress"
                    ],
                    "primary": {
                        "id": "894647",
                        "attributes": {
                            "direction": "egress",
                            "ether_type": "IPv4",
                            "id": "894647",
                            "port_range_max": "443",
                            "port_range_min": "443",
                            "protocol": "tcp",
                            "security_group_id": "552429"
                        },
                        "meta": {},
                        "tainted": false
                    },
                    "deposed": [],
                    "provider": "module.sg.provider.ibm"
                },
                "ibm_security_group_rule.openshift-public-ingress_rule1": {
                    "type": "ibm_security_group_rule",
                    "depends_on": [
                        "ibm_security_group.openshift-public-ingress"
                    ],
                    "primary": {
                        "id": "894331",
                        "attributes": {
                            "direction": "ingress",
                            "ether_type": "IPv4",
                            "id": "894331",
                            "port_range_max": "8080",
                            "port_range_min": "8080",
                            "protocol": "tcp",
                            "security_group_id": "552515"
                        },
                        "meta": {},
                        "tainted": false
                    },
                    "deposed": [],
                    "provider": "module.sg.provider.ibm"
                },
                "ibm_security_group_rule.openshift-public-ingress_rule2": {
                    "type": "ibm_security_group_rule",
                    "depends_on": [
                        "ibm_security_group.openshift-public-ingress"
                    ],
                    "primary": {
                        "id": "894707",
                        "attributes": {
                            "direction": "ingress",
                            "ether_type": "IPv4",
                            "id": "894707",
                            "port_range_max": "80",
                            "port_range_min": "80",
                            "protocol": "tcp",
                            "security_group_id": "552515"
                        },
                        "meta": {},
                        "tainted": false
                    },
                    "deposed": [],
                    "provider": "module.sg.provider.ibm"
                },
                "ibm_security_group_rule.openshift-public-ingress_rule3": {
                    "type": "ibm_security_group_rule",
                    "depends_on": [
                        "ibm_security_group.openshift-public-ingress"
                    ],
                    "primary": {
                        "id": "894709",
                        "attributes": {
                            "direction": "ingress",
                            "ether_type": "IPv4",
                            "id": "894709",
                            "port_range_max": "443",
                            "port_range_min": "443",
                            "protocol": "tcp",
                            "security_group_id": "552515"
                        },
                        "meta": {},
                        "tainted": false
                    },
                    "deposed": [],
                    "provider": "module.sg.provider.ibm"
                },
                "ibm_security_group_rule.openshift-public-ingress_rule4": {
                    "type": "ibm_security_group_rule",
                    "depends_on": [
                        "ibm_security_group.openshift-public-ingress"
                    ],
                    "primary": {
                        "id": "894517",
                        "attributes": {
                            "direction": "ingress",
                            "ether_type": "IPv4",
                            "id": "894517",
                            "port_range_max": "8443",
                            "port_range_min": "8443",
                            "protocol": "tcp",
                            "security_group_id": "552515"
                        },
                        "meta": {},
                        "tainted": false
                    },
                    "deposed": [],
                    "provider": "module.sg.provider.ibm"
                },
                "ibm_security_group_rule.openshift-ssh_rule": {
                    "type": "ibm_security_group_rule",
                    "depends_on": [
                        "ibm_security_group.openshift-ssh"
                    ],
                    "primary": {
                        "id": "894329",
                        "attributes": {
                            "direction": "ingress",
                            "ether_type": "IPv4",
                            "id": "894329",
                            "port_range_max": "22",
                            "port_range_min": "22",
                            "protocol": "tcp",
                            "security_group_id": "552707"
                        },
                        "meta": {},
                        "tainted": false
                    },
                    "deposed": [],
                    "provider": "module.sg.provider.ibm"
                }
            },
            "depends_on": []
        },
        {
            "path": [
                "root",
                "appnode",
                "storage_appnode"
            ],
            "outputs": {
                "appnodeblockid": {
                    "sensitive": false,
                    "type": "string",
                    "value": "41821729"
                }
            },
            "resources": {
                "ibm_storage_block.appnodeblock": {
                    "type": "ibm_storage_block",
                    "depends_on": [],
                    "primary": {
                        "id": "41821729",
                        "attributes": {
                            "allowed_hardware_ids.#": "0",
                            "allowed_hardware_info.#": "0",
                            "allowed_host_info.#": "2",
                            "allowed_host_info.0.host_iqn": "iqn.2018-04.com.ibm:ibm01su1204953-v53380475",
                            "allowed_host_info.0.id": "53380475",
                            "allowed_host_info.0.password": "WkV7llcXEgzh4ZXr",
                            "allowed_host_info.0.username": "IBM01SU1204953-V53380475",
                            "allowed_host_info.1.host_iqn": "iqn.2018-04.com.ibm:ibm01su1204953-v53380477",
                            "allowed_host_info.1.id": "53380477",
                            "allowed_host_info.1.password": "Rv6FRS6a9FzmJm7p",
                            "allowed_host_info.1.username": "IBM01SU1204953-V53380477",
                            "allowed_ip_addresses.#": "0",
                            "allowed_virtual_guest_ids.#": "2",
                            "allowed_virtual_guest_ids.53380475": "53380475",
                            "allowed_virtual_guest_ids.53380477": "53380477",
                            "allowed_virtual_guest_info.#": "2",
                            "allowed_virtual_guest_info.53380475.host_iqn": "iqn.2018-04.com.ibm:ibm01su1204953-v53380475",
                            "allowed_virtual_guest_info.53380475.id": "53380475",
                            "allowed_virtual_guest_info.53380475.password": "WkV7llcXEgzh4ZXr",
                            "allowed_virtual_guest_info.53380475.username": "IBM01SU1204953-V53380475",
                            "allowed_virtual_guest_info.53380477.host_iqn": "iqn.2018-04.com.ibm:ibm01su1204953-v53380477",
                            "allowed_virtual_guest_info.53380477.id": "53380477",
                            "allowed_virtual_guest_info.53380477.password": "Rv6FRS6a9FzmJm7p",
                            "allowed_virtual_guest_info.53380477.username": "IBM01SU1204953-V53380477",
                            "capacity": "20",
                            "datacenter": "dal05",
                            "hostname": "10.1.154.88",
                            "hourly_billing": "false",
                            "id": "41821729",
                            "iops": "100",
                            "os_format_type": "Linux",
                            "type": "Performance",
                            "volumename": "IBM01SL1204953-14"
                        },
                        "meta": {},
                        "tainted": false
                    },
                    "deposed": [],
                    "provider": "module.appnode.module.storage_appnode.provider.ibm"
                }
            },
            "depends_on": []
        },
        {
            "path": [
                "root",
                "infranode",
                "storage_infranode"
            ],
            "outputs": {
                "infranodefileid": {
                    "sensitive": false,
                    "type": "string",
                    "value": "41823425"
                }
            },
            "resources": {
                "ibm_storage_file.infranodefile": {
                    "type": "ibm_storage_file",
                    "depends_on": [],
                    "primary": {
                        "id": "41823425",
                        "attributes": {
                            "allowed_hardware_ids.#": "0",
                            "allowed_ip_addresses.#": "0",
                            "allowed_subnets.#": "0",
                            "allowed_virtual_guest_ids.#": "0",
                            "capacity": "20",
                            "datacenter": "dal05",
                            "hostname": "nfsdal0501c-fz.service.softlayer.com",
                            "hourly_billing": "false",
                            "id": "41823425",
                            "iops": "100",
                            "mountpoint": "nfsdal0501c-fz.service.softlayer.com:/IBM01SV1204953_11",
                            "type": "Performance",
                            "volumename": "IBM01SV1204953_11"
                        },
                        "meta": {},
                        "tainted": false
                    },
                    "deposed": [],
                    "provider": "module.infranode.module.storage_infranode.provider.ibm"
                }
            },
            "depends_on": []
        },
        {
            "path": [
                "root",
                "masternode",
                "storage_masternode"
            ],
            "outputs": {
                "masterblockid": {
                    "sensitive": false,
                    "type": "string",
                    "value": "41821725"
                }
            },
            "resources": {
                "ibm_storage_block.masterblock": {
                    "type": "ibm_storage_block",
                    "depends_on": [],
                    "primary": {
                        "id": "41821725",
                        "attributes": {
                            "allowed_hardware_ids.#": "0",
                            "allowed_hardware_info.#": "0",
                            "allowed_host_info.#": "1",
                            "allowed_host_info.0.host_iqn": "iqn.2018-04.com.ibm:ibm01su1204953-v53380449",
                            "allowed_host_info.0.id": "53380449",
                            "allowed_host_info.0.password": "Sc46HQqhw2UktNUJ",
                            "allowed_host_info.0.username": "IBM01SU1204953-V53380449",
                            "allowed_ip_addresses.#": "0",
                            "allowed_virtual_guest_ids.#": "1",
                            "allowed_virtual_guest_ids.53380449": "53380449",
                            "allowed_virtual_guest_info.#": "1",
                            "allowed_virtual_guest_info.53380449.host_iqn": "iqn.2018-04.com.ibm:ibm01su1204953-v53380449",
                            "allowed_virtual_guest_info.53380449.id": "53380449",
                            "allowed_virtual_guest_info.53380449.password": "Sc46HQqhw2UktNUJ",
                            "allowed_virtual_guest_info.53380449.username": "IBM01SU1204953-V53380449",
                            "capacity": "20",
                            "datacenter": "dal05",
                            "hostname": "10.1.154.79",
                            "hourly_billing": "false",
                            "id": "41821725",
                            "iops": "100",
                            "os_format_type": "Linux",
                            "type": "Performance",
                            "volumename": "IBM01SL1204953-13"
                        },
                        "meta": {},
                        "tainted": false
                    },
                    "deposed": [],
                    "provider": "module.masternode.module.storage_masternode.provider.ibm"
                }
            },
            "depends_on": []
        }
    ]
}
